
Microsoft Visual Studio Solution File, Format Version 12.00
# Visual Studio Version 17
VisualStudioVersion = 17.4.33213.308
MinimumVisualStudioVersion = 10.0.40219.1
Project("{9A19103F-16F7-4668-BE54-9A1E7A4F7556}") = "CS.KeyVault.ApiApp", "CS.KeyVault.ApiApp.csproj", "{2635C61F-1A4F-4066-AEC2-8AA3529F5B7D}"
EndProject
Global
	GlobalSection(SolutionConfigurationPlatforms) = preSolution
		Debug|Any CPU = Debug|Any CPU
		Release|Any CPU = Release|Any CPU
	EndGlobalSection
	GlobalSection(ProjectConfigurationPlatforms) = postSolution
		{2635C61F-1A4F-4066-AEC2-8AA3529F5B7D}.Debug|Any CPU.ActiveCfg = Debug|Any CPU
		{2635C61F-1A4F-4066-AEC2-8AA3529F5B7D}.Debug|Any CPU.Build.0 = Debug|Any CPU
		{2635C61F-1A4F-4066-AEC2-8AA3529F5B7D}.Release|Any CPU.ActiveCfg = Release|Any CPU
		{2635C61F-1A4F-4066-AEC2-8AA3529F5B7D}.Release|Any CPU.Build.0 = Release|Any CPU
	EndGlobalSection
	GlobalSection(SolutionProperties) = preSolution
		HideSolutionNode = FALSE
	EndGlobalSection
	GlobalSection(ExtensibilityGlobals) = postSolution
		SolutionGuid = {753C0D58-F18B-4E47-B58B-DE087A536E3B}
	EndGlobalSection
EndGlobal
